
Microsoft Visual Studio Solution File, Format Version 12.00
# Visual Studio 14
VisualStudioVersion = 14.0.25420.1
MinimumVisualStudioVersion = 10.0.40219.1
Project("{FAE04EC0-301F-11D3-BF4B-00C04F79EFBC}") = "WebAPI", "WebAPI\WebAPI.csproj", "{D5DA16EC-88F3-43D0-A468-EE818DABC6A3}"
EndProject
Project("{FAE04EC0-301F-11D3-BF4B-00C04F79EFBC}") = "WebAPI.Domains", "DataAccess\WebAPI.Domains.csproj", "{80F66F0E-1F76-4A05-986E-75C5683BB1F8}"
EndProject
Project("{FAE04EC0-301F-11D3-BF4B-00C04F79EFBC}") = "WebAPI.Repositories", "WebAPI.Repositories\WebAPI.Repositories.csproj", "{7149EB25-CD23-4338-8407-B20C2EFB39CB}"
EndProject
Global
	GlobalSection(SolutionConfigurationPlatforms) = preSolution
		Debug|Any CPU = Debug|Any CPU
		Release|Any CPU = Release|Any CPU
	EndGlobalSection
	GlobalSection(ProjectConfigurationPlatforms) = postSolution
		{D5DA16EC-88F3-43D0-A468-EE818DABC6A3}.Debug|Any CPU.ActiveCfg = Debug|Any CPU
		{D5DA16EC-88F3-43D0-A468-EE818DABC6A3}.Debug|Any CPU.Build.0 = Debug|Any CPU
		{D5DA16EC-88F3-43D0-A468-EE818DABC6A3}.Release|Any CPU.ActiveCfg = Release|Any CPU
		{D5DA16EC-88F3-43D0-A468-EE818DABC6A3}.Release|Any CPU.Build.0 = Release|Any CPU
		{80F66F0E-1F76-4A05-986E-75C5683BB1F8}.Debug|Any CPU.ActiveCfg = Debug|Any CPU
		{80F66F0E-1F76-4A05-986E-75C5683BB1F8}.Debug|Any CPU.Build.0 = Debug|Any CPU
		{80F66F0E-1F76-4A05-986E-75C5683BB1F8}.Release|Any CPU.ActiveCfg = Release|Any CPU
		{80F66F0E-1F76-4A05-986E-75C5683BB1F8}.Release|Any CPU.Build.0 = Release|Any CPU
		{7149EB25-CD23-4338-8407-B20C2EFB39CB}.Debug|Any CPU.ActiveCfg = Debug|Any CPU
		{7149EB25-CD23-4338-8407-B20C2EFB39CB}.Debug|Any CPU.Build.0 = Debug|Any CPU
		{7149EB25-CD23-4338-8407-B20C2EFB39CB}.Release|Any CPU.ActiveCfg = Release|Any CPU
		{7149EB25-CD23-4338-8407-B20C2EFB39CB}.Release|Any CPU.Build.0 = Release|Any CPU
	EndGlobalSection
	GlobalSection(SolutionProperties) = preSolution
		HideSolutionNode = FALSE
	EndGlobalSection
EndGlobal
