
Microsoft Visual Studio Solution File, Format Version 12.00
# Visual Studio 14
VisualStudioVersion = 14.0.25420.1
MinimumVisualStudioVersion = 10.0.40219.1
Project("{2150E333-8FDC-42A3-9474-1A3956D46DE8}") = "src", "src", "{8A1CD7AE-F988-474C-A38C-5CDBC40265B5}"
EndProject
Project("{2150E333-8FDC-42A3-9474-1A3956D46DE8}") = "Solution Items", "Solution Items", "{FA1B2881-A42D-48A4-8113-07B6AF9104A7}"
	ProjectSection(SolutionItems) = preProject
		global.json = global.json
	EndProjectSection
EndProject
Project("{8BB2217D-0F2D-49D1-97BC-3654ED321F3B}") = "MVC6Sample", "src\MVC6Sample\MVC6Sample.xproj", "{A15DBC8D-1B6E-4E76-8101-46A68F0F0485}"
EndProject
Global
	GlobalSection(SolutionConfigurationPlatforms) = preSolution
		Debug|Any CPU = Debug|Any CPU
		Release|Any CPU = Release|Any CPU
	EndGlobalSection
	GlobalSection(ProjectConfigurationPlatforms) = postSolution
		{A15DBC8D-1B6E-4E76-8101-46A68F0F0485}.Debug|Any CPU.ActiveCfg = Debug|Any CPU
		{A15DBC8D-1B6E-4E76-8101-46A68F0F0485}.Debug|Any CPU.Build.0 = Debug|Any CPU
		{A15DBC8D-1B6E-4E76-8101-46A68F0F0485}.Release|Any CPU.ActiveCfg = Release|Any CPU
		{A15DBC8D-1B6E-4E76-8101-46A68F0F0485}.Release|Any CPU.Build.0 = Release|Any CPU
	EndGlobalSection
	GlobalSection(SolutionProperties) = preSolution
		HideSolutionNode = FALSE
	EndGlobalSection
	GlobalSection(NestedProjects) = preSolution
		{A15DBC8D-1B6E-4E76-8101-46A68F0F0485} = {8A1CD7AE-F988-474C-A38C-5CDBC40265B5}
	EndGlobalSection
EndGlobal
